
Microsoft Visual Studio Solution File, Format Version 12.00
# Visual Studio Version 17
VisualStudioVersion = 17.6.33829.357
MinimumVisualStudioVersion = 10.0.40219.1
Project("{FAE04EC0-301F-11D3-BF4B-00C04F79EFBC}") = "Examenprueba", "Examenprueba.csproj", "{B3C70F9E-4909-4A01-BD94-1F58ACFECB93}"
EndProject
Global
	GlobalSection(SolutionConfigurationPlatforms) = preSolution
		Debug|Any CPU = Debug|Any CPU
		Release|Any CPU = Release|Any CPU
	EndGlobalSection
	GlobalSection(ProjectConfigurationPlatforms) = postSolution
		{B3C70F9E-4909-4A01-BD94-1F58ACFECB93}.Debug|Any CPU.ActiveCfg = Debug|Any CPU
		{B3C70F9E-4909-4A01-BD94-1F58ACFECB93}.Debug|Any CPU.Build.0 = Debug|Any CPU
		{B3C70F9E-4909-4A01-BD94-1F58ACFECB93}.Release|Any CPU.ActiveCfg = Release|Any CPU
		{B3C70F9E-4909-4A01-BD94-1F58ACFECB93}.Release|Any CPU.Build.0 = Release|Any CPU
	EndGlobalSection
	GlobalSection(SolutionProperties) = preSolution
		HideSolutionNode = FALSE
	EndGlobalSection
	GlobalSection(ExtensibilityGlobals) = postSolution
		SolutionGuid = {3BAEA7DE-70EC-41E1-A5C6-9697C3D6F719}
	EndGlobalSection
EndGlobal
